PODS:
  - Aspects (1.4.1)
  - GDChannel (0.6.0):
    - Mantle (~> 2.0.6)
    - MQTTKit (~> 0.1.0)
    - Protobuf (~> 3.0)
  - GDChannel+WebViewJavascriptBridge (5.0.5):
    - GDChannel (~> 0.6)
    - NJKWebViewProgress (~> 0.2)
  - Mantle (2.0.7):
    - Mantle/extobjc (= 2.0.7)
  - Mantle/extobjc (2.0.7)
  - MQTTKit (0.1.0)
  - NJKWebViewProgress (0.2.3):
    - NJKWebViewProgress/Core (= 0.2.3)
    - NJKWebViewProgress/ProgressView (= 0.2.3)
  - NJKWebViewProgress/Core (0.2.3)
  - NJKWebViewProgress/ProgressView (0.2.3)
  - Protobuf (3.1.0)

DEPENDENCIES:
  - Aspects (~> 1.4)
  - GDChannel (from `https://github.com/goodow/GDChannel.git`, branch `master`)
  - GDChannel+WebViewJavascriptBridge (from `../`)
  - NJKWebViewProgress (from `https://github.com/ninjinkun/NJKWebViewProgress.git`, commit `377b7e1`)

EXTERNAL SOURCES:
  GDChannel:
    :branch: master
    :git: https://github.com/goodow/GDChannel.git
  GDChannel+WebViewJavascriptBridge:
    :path: ../
  NJKWebViewProgress:
    :commit: 377b7e1
    :git: https://github.com/ninjinkun/NJKWebViewProgress.git

CHECKOUT OPTIONS:
  GDChannel:
    :commit: 6180a4fda2e2cc5c843319a5265f11648be942dc
    :git: https://github.com/goodow/GDChannel.git
  NJKWebViewProgress:
    :commit: 377b7e1
    :git: https://github.com/ninjinkun/NJKWebViewProgress.git

SPEC CHECKSUMS:
  Aspects: 7595ba96a6727a58ebcbfc954497fc5d2fdde546
  GDChannel: e26b61a1f156eb4b657516d80d90bdad2db46c56
  GDChannel+WebViewJavascriptBridge: d158695eb4c32460555125ed32642b70675fd920
  Mantle: bc40bb061d8c2c6fb48d5083e04d928c3b7f73d9
  MQTTKit: a4e6b8aa92db1aeae917d2b773fd72a7749937c4
  NJKWebViewProgress: f481fd424cb5ecc27eacae11b5397db92fba9a4d
  Protobuf: 265e9977d04a83eba9cefb0bed3ad07e41033b4a

PODFILE CHECKSUM: bd8028815583a6afbd0f8589f62d1de608c28706

COCOAPODS: 1.0.1
